
Microsoft Visual Studio Solution File, Format Version 12.00
# Visual Studio Version 17
VisualStudioVersion = 17.3.32929.385
MinimumVisualStudioVersion = 10.0.40219.1
Project("{FAE04EC0-301F-11D3-BF4B-00C04F79EFBC}") = "TestListVeiw", "TestListVeiw\TestListVeiw.csproj", "{EE386CD9-A1B0-4C23-8496-5ABF20A6E820}"
EndProject
Global
	GlobalSection(SolutionConfigurationPlatforms) = preSolution
		Debug|Any CPU = Debug|Any CPU
		Release|Any CPU = Release|Any CPU
	EndGlobalSection
	GlobalSection(ProjectConfigurationPlatforms) = postSolution
		{EE386CD9-A1B0-4C23-8496-5ABF20A6E820}.Debug|Any CPU.ActiveCfg = Debug|Any CPU
		{EE386CD9-A1B0-4C23-8496-5ABF20A6E820}.Debug|Any CPU.Build.0 = Debug|Any CPU
		{EE386CD9-A1B0-4C23-8496-5ABF20A6E820}.Release|Any CPU.ActiveCfg = Release|Any CPU
		{EE386CD9-A1B0-4C23-8496-5ABF20A6E820}.Release|Any CPU.Build.0 = Release|Any CPU
	EndGlobalSection
	GlobalSection(SolutionProperties) = preSolution
		HideSolutionNode = FALSE
	EndGlobalSection
	GlobalSection(ExtensibilityGlobals) = postSolution
		SolutionGuid = {2418A283-804A-45B6-8910-BE1C80A773D1}
	EndGlobalSection
EndGlobal
